
Microsoft Visual Studio Solution File, Format Version 12.00
# Visual Studio Version 17
VisualStudioVersion = 17.5.33414.496
MinimumVisualStudioVersion = 10.0.40219.1
Project("{FAE04EC0-301F-11D3-BF4B-00C04F79EFBC}") = "EleCho.CommandLine", "EleCho.CommandLine\EleCho.CommandLine.csproj", "{A884BD28-72E7-43B2-8DB7-2C2EFADBF484}"
EndProject
Project("{FAE04EC0-301F-11D3-BF4B-00C04F79EFBC}") = "TestConsole", "TestConsole\TestConsole.csproj", "{1E25B2E8-A650-4DED-A907-EEF139D343F2}"
EndProject
Global
	GlobalSection(SolutionConfigurationPlatforms) = preSolution
		Debug|Any CPU = Debug|Any CPU
		Release|Any CPU = Release|Any CPU
	EndGlobalSection
	GlobalSection(ProjectConfigurationPlatforms) = postSolution
		{A884BD28-72E7-43B2-8DB7-2C2EFADBF484}.Debug|Any CPU.ActiveCfg = Debug|Any CPU
		{A884BD28-72E7-43B2-8DB7-2C2EFADBF484}.Debug|Any CPU.Build.0 = Debug|Any CPU
		{A884BD28-72E7-43B2-8DB7-2C2EFADBF484}.Release|Any CPU.ActiveCfg = Release|Any CPU
		{A884BD28-72E7-43B2-8DB7-2C2EFADBF484}.Release|Any CPU.Build.0 = Release|Any CPU
		{1E25B2E8-A650-4DED-A907-EEF139D343F2}.Debug|Any CPU.ActiveCfg = Debug|Any CPU
		{1E25B2E8-A650-4DED-A907-EEF139D343F2}.Debug|Any CPU.Build.0 = Debug|Any CPU
		{1E25B2E8-A650-4DED-A907-EEF139D343F2}.Release|Any CPU.ActiveCfg = Release|Any CPU
		{1E25B2E8-A650-4DED-A907-EEF139D343F2}.Release|Any CPU.Build.0 = Release|Any CPU
	EndGlobalSection
	GlobalSection(SolutionProperties) = preSolution
		HideSolutionNode = FALSE
	EndGlobalSection
	GlobalSection(ExtensibilityGlobals) = postSolution
		SolutionGuid = {9865701E-B495-4E53-B981-C6AA8CACE0D6}
	EndGlobalSection
EndGlobal
